
Microsoft Visual Studio Solution File, Format Version 12.00
# Visual Studio Version 17
VisualStudioVersion = 17.6.33801.468
MinimumVisualStudioVersion = 10.0.40219.1
Project("{FAE04EC0-301F-11D3-BF4B-00C04F79EFBC}") = "Fiorello", "Fiorello\Fiorello.csproj", "{4EFE3A85-2DEB-4A97-93A7-322CF4CC06E2}"
EndProject
Global
	GlobalSection(SolutionConfigurationPlatforms) = preSolution
		Debug|Any CPU = Debug|Any CPU
		Release|Any CPU = Release|Any CPU
	EndGlobalSection
	GlobalSection(ProjectConfigurationPlatforms) = postSolution
		{4EFE3A85-2DEB-4A97-93A7-322CF4CC06E2}.Debug|Any CPU.ActiveCfg = Debug|Any CPU
		{4EFE3A85-2DEB-4A97-93A7-322CF4CC06E2}.Debug|Any CPU.Build.0 = Debug|Any CPU
		{4EFE3A85-2DEB-4A97-93A7-322CF4CC06E2}.Release|Any CPU.ActiveCfg = Release|Any CPU
		{4EFE3A85-2DEB-4A97-93A7-322CF4CC06E2}.Release|Any CPU.Build.0 = Release|Any CPU
	EndGlobalSection
	GlobalSection(SolutionProperties) = preSolution
		HideSolutionNode = FALSE
	EndGlobalSection
	GlobalSection(ExtensibilityGlobals) = postSolution
		SolutionGuid = {C42D84FF-B4EE-49B2-AEBD-047C8E2A29E0}
	EndGlobalSection
EndGlobal
